
Microsoft Visual Studio Solution File, Format Version 12.00
# Visual Studio Version 16
VisualStudioVersion = 16.0.30503.244
MinimumVisualStudioVersion = 10.0.40219.1
Project("{FAE04EC0-301F-11D3-BF4B-00C04F79EFBC}") = "Task_2", "Task_2\Task_2.csproj", "{FEB52978-ECA4-4675-B517-7FFEED433F89}"
EndProject
Global
	GlobalSection(SolutionConfigurationPlatforms) = preSolution
		Debug|Any CPU = Debug|Any CPU
		Release|Any CPU = Release|Any CPU
	EndGlobalSection
	GlobalSection(ProjectConfigurationPlatforms) = postSolution
		{FEB52978-ECA4-4675-B517-7FFEED433F89}.Debug|Any CPU.ActiveCfg = Debug|Any CPU
		{FEB52978-ECA4-4675-B517-7FFEED433F89}.Debug|Any CPU.Build.0 = Debug|Any CPU
		{FEB52978-ECA4-4675-B517-7FFEED433F89}.Release|Any CPU.ActiveCfg = Release|Any CPU
		{FEB52978-ECA4-4675-B517-7FFEED433F89}.Release|Any CPU.Build.0 = Release|Any CPU
	EndGlobalSection
	GlobalSection(SolutionProperties) = preSolution
		HideSolutionNode = FALSE
	EndGlobalSection
	GlobalSection(ExtensibilityGlobals) = postSolution
		SolutionGuid = {1CA13DA6-7BC6-4D5A-85F2-70259D847A2F}
	EndGlobalSection
EndGlobal
